lockfileVersion: '9.0'

settings:
  autoInstallPeers: true
  excludeLinksFromLockfile: false

importers:

  .:
    dependencies:
      '@oxc-project/runtime':
        specifier: latest
        version: 0.111.0
      '@vercube/core':
        specifier: latest
        version: 0.0.42
      '@vercube/di':
        specifier: latest
        version: 0.0.42
    devDependencies:
      '@types/bun':
        specifier: ^1.3.8
        version: 1.3.8
      '@typescript/native-preview':
        specifier: 7.0.0-dev.20260130.1
        version: 7.0.0-dev.20260130.1
      '@vercube/cli':
        specifier: latest
        version: 0.0.42(typescript@5.9.3)
      oxfmt:
        specifier: ^0.27.0
        version: 0.27.0
      oxlint:
        specifier: ^1.42.0
        version: 1.42.0
      tslib:
        specifier: 2.8.1
        version: 2.8.1
      typescript:
        specifier: ^5.9.3
        version: 5.9.3

packages:

  '@emnapi/core@1.8.1':
    resolution: {integrity: sha512-AvT9QFpxK0Zd8J0jopedNm+w/2fIzvtPKPjqyw9jwvBaReTTqPBk9Hixaz7KbjimP+QNz605/XnjFcDAL2pqBg==}

  '@emnapi/runtime@1.8.1':
    resolution: {integrity: sha512-mehfKSMWjjNol8659Z8KxEMrdSJDDot5SXMq00dM8BN4o+CLNXQ0xH2V7EchNHV4RmbZLmmPdEaXZc5H2FXmDg==}

  '@emnapi/wasi-threads@1.1.0':
    resolution: {integrity: sha512-WI0DdZ8xFSbgMjR1sFsKABJ/C5OnRrjT06JXbZKexJGrDuPTzZdDYfFlsgcCXCyf+suG5QU2e/y1Wo2V/OapLQ==}

  '@jridgewell/gen-mapping@0.3.13':
    resolution: {integrity: sha512-2kkt/7niJ6MgEPxF0bYdQ6etZaA+fQvDcLKckhy1yIQOzaoKjBBjSj63/aLVjYE3qhRt5dvM+uUyfCg6UKCBbA==}

  '@jridgewell/remapping@2.3.5':
    resolution: {integrity: sha512-LI9u/+laYG4Ds1TDKSJW2YPrIlcVYOwi2fUC6xB43lueCjgxV4lffOCZCtYFiH6TNOX+tQKXx97T4IKHbhyHEQ==}

  '@jridgewell/resolve-uri@3.1.2':
    resolution: {integrity: sha512-bRISgCIjP20/tbWSPWMEi54QVPRZExkuD9lJL+UIxUKtwVJA8wW1Trb1jMs1RFXo1CBTNZ/5hpC9QvmKWdopKw==}
    engines: {node: '>=6.0.0'}

  '@jridgewell/sourcemap-codec@1.5.5':
    resolution: {integrity: sha512-cYQ9310grqxueWbl+WuIUIaiUaDcj7WOq5fVhEljNVgRfOUhY9fy2zTvfoqWsnebh8Sl70VScFbICvJnLKB0Og==}

  '@jridgewell/trace-mapping@0.3.31':
    resolution: {integrity: sha512-zzNR+SdQSDJzc8joaeP8QQoCQr8NuYx2dIIytl1QeBEZHJ9uW6hebsrYgbz8hJwUQao3TWCMtmfV8Nu1twOLAw==}

  '@napi-rs/wasm-runtime@1.1.1':
    resolution: {integrity: sha512-p64ah1M1ld8xjWv3qbvFwHiFVWrq1yFvV4f7w+mzaqiR4IlSgkqhcRdHwsGgomwzBH51sRY4NEowLxnaBjcW/A==}

  '@oxc-parser/binding-android-arm-eabi@0.111.0':
    resolution: {integrity: sha512-2VEmMlziuV3OxDawQv0GUCAjnvnybpRiuM8Uy9PReX58D4WbXx5F1zyJOuYr+mnyWwHKgjGa7c9xzchDFkPR5A==}
    engines: {node: ^20.19.0 || >=22.12.0}
    cpu: [arm]
    os: [android]

  '@oxc-parser/binding-android-arm64@0.111.0':
    resolution: {integrity: sha512-J/LNFexqUwrLInB2apXF9CdesQye7dduaGdM4bDh5iJ4W7XRlrwfc2hq6sTNOKCrjJD7F9kYdSrphCEjDwqSGA==}
    engines: {node: ^20.19.0 || >=22.12.0}
    cpu: [arm64]
    os: [android]

  '@oxc-parser/binding-darwin-arm64@0.111.0':
    resolution: {integrity: sha512-kIOkdtW33pN+/wsjuiErT6U5LNW/cbdDzgo5Tr8h1XdXhEZ0mcf1fQxrJf7LMLNTq+yaTm/r6ecU9sjnuj4gXQ==}
    engines: {node: ^20.19.0 || >=22.12.0}
    cpu: [arm64]
    os: [darwin]

  '@oxc-parser/binding-darwin-x64@0.111.0':
    resolution: {integrity: sha512-ZuhL97jPN+aX81eITfGaRul9ZdEmiKicZxUzf+NvQ5gP0gq+dIJtUPPcULDAJsmmUMj+XRjGWXklxLhv3OcKfQ==}
    engines: {node: ^20.19.0 || >=22.12.0}
    cpu: [x64]
    os: [darwin]

  '@oxc-parser/binding-freebsd-x64@0.111.0':
    resolution: {integrity: sha512-pT8Bf2Om63xwnRmjjjOpS4fj/u1Xt5GGz9XnEtSNrWQiReFSNxueds4TCMKkUxUU0H3EZwoN2KVIO/WEy8Qpdg==}
    engines: {node: ^20.19.0 || >=22.12.0}
    cpu: [x64]
    os: [freebsd]

  '@oxc-parser/binding-linux-arm-gnueabihf@0.111.0':
    resolution: {integrity: sha512-7NGWw4WXMQr6a71oT8dEqslww0FtojkeNV+8ZH+rffAUBoI7mNeuuxNC5eV8fgbnlVeOfZKpxZ3DlFcCMzX+ZQ==}
    engines: {node: ^20.19.0 || >=22.12.0}
    cpu: [arm]
    os: [linux]

  '@oxc-parser/binding-linux-arm-musleabihf@0.111.0':
    resolution: {integrity: sha512-4fjCIX5DPAvp1TT1GBKe7dL2XgAA2HQNg5uvT8ppgEGBZazQkGtqg1SrWRBDIFzYQBjFZkiEX2td37N+o0yHnQ==}
    engines: {node: ^20.19.0 || >=22.12.0}
    cpu: [arm]
    os: [linux]

  '@oxc-parser/binding-linux-arm64-gnu@0.111.0':
    resolution: {integrity: sha512-gyLRcaqUQs2piqwfbnt/B/g7cbsaJb7VIUhYmg/xbWNnfk0jS+GEcil7Dwac9M656S0f/0vLUxEyRJeC/zzsNg==}
    engines: {node: ^20.19.0 || >=22.12.0}
    cpu: [arm64]
    os: [linux]
    libc: [glibc]

  '@oxc-parser/binding-linux-arm64-musl@0.111.0':
    resolution: {integrity: sha512-1F5dRyAb0bxIVHc5Xv6wuaTE9rJVZcKDim8DDafdwX8UTQJnMQWVWX4quFDIZ9A3LjAeRySHE9Al7ZvKIR5MHw==}
    engines: {node: ^20.19.0 || >=22.12.0}
    cpu: [arm64]
    os: [linux]
    libc: [musl]

  '@oxc-parser/binding-linux-ppc64-gnu@0.111.0':
    resolution: {integrity: sha512-8COEwr05fhoWiSCEQhTgvzfwFwilSkh8SLn4nU/h7lE/H4ANFtdnh24lhBH15VRnWO8ReHu3apbxA24kXbOncg==}
    engines: {node: ^20.19.0 || >=22.12.0}
    cpu: [ppc64]
    os: [linux]
    libc: [glibc]

  '@oxc-parser/binding-linux-riscv64-gnu@0.111.0':
    resolution: {integrity: sha512-BUHCDFGgC7BYPNjhYhErRou0EvaG6pAtAyk83ABi6oThI1pSK0pyJMJtRKNMO2OoiYumSIcNBwWZY8Vgg+22aA==}
    engines: {node: ^20.19.0 || >=22.12.0}
    cpu: [riscv64]
    os: [linux]
    libc: [glibc]

  '@oxc-parser/binding-linux-riscv64-musl@0.111.0':
    resolution: {integrity: sha512-mDN091RX5tyoqjICLwgTXRv5/HCXSIgUAFpvLqV+5W0lB3xgkjYHeAfl+8hhbrc5x0VUU9q2pNUJpV0q3cPPZA==}
    engines: {node: ^20.19.0 || >=22.12.0}
    cpu: [riscv64]
    os: [linux]
    libc: [musl]

  '@oxc-parser/binding-linux-s390x-gnu@0.111.0':
    resolution: {integrity: sha512-AD9a1uIvrd550icH0VmpaxiGCdcmEQ2d6WzQfkW+a8EgvELAPcCS+Jlxjh7dRDejGODg93W648b4tTBt8mbYYg==}
    engines: {node: ^20.19.0 || >=22.12.0}
    cpu: [s390x]
    os: [linux]
    libc: [glibc]

  '@oxc-parser/binding-linux-x64-gnu@0.111.0':
    resolution: {integrity: sha512-PT+wIm9I27aWNsfwCFBIACGMOdsW50ZcXcmL+XVbWnozuBcMlh2PinAyFNh3peyNHkgrhaevwZ7JVMkSH4g//g==}
    engines: {node: ^20.19.0 || >=22.12.0}
    cpu: [x64]
    os: [linux]
    libc: [glibc]

  '@oxc-parser/binding-linux-x64-musl@0.111.0':
    resolution: {integrity: sha512-Lyp667vONplix+7nhXY7XaszByIB/+CyG32VWu+/JWS4ZXjiMNwkN8LceH+Ii4cDuh3a+YMg3xIAwZdiMUzSyQ==}
    engines: {node: ^20.19.0 || >=22.12.0}
    cpu: [x64]
    os: [linux]
    libc: [musl]

  '@oxc-parser/binding-openharmony-arm64@0.111.0':
    resolution: {integrity: sha512-mRo92rQ7lm54BW6GpYreYwPj9ZLH6aVBoYhM2pzKWw/P59O9OH5/8bn+Pj2f3tlOt7BIykFNwWj+Gy4eCPUaxA==}
    engines: {node: ^20.19.0 || >=22.12.0}
    cpu: [arm64]
    os: [openharmony]

  '@oxc-parser/binding-wasm32-wasi@0.111.0':
    resolution: {integrity: sha512-qaqltQrnXLN5gIdkxLfNbmFKOMCAnD7bRzTPwAT3Qa3m+oBA8prh2/jk66sPpRAYsFBXUUwcWyCpvMnxe6EPIA==}
    engines: {node: '>=14.0.0'}
    cpu: [wasm32]

  '@oxc-parser/binding-win32-arm64-msvc@0.111.0':
    resolution: {integrity: sha512-C2DlxFp73X2X8bhKOsrt1dmafvf+2ro1AKEKooWFK3Lg4n1+hy/nWPm7gNyBAu5JUIgL3DdtV1ekFHn0FAqzFg==}
    engines: {node: ^20.19.0 || >=22.12.0}
    cpu: [arm64]
    os: [win32]

  '@oxc-parser/binding-win32-ia32-msvc@0.111.0':
    resolution: {integrity: sha512-MWgvlDoArzCANFTPYkVAqVV4F6ef5T3NecZ7Osx++Aa7bB4vFzgc1mAB4pfcHAXA9wBRhHRrHDRfMGIC8MsNSQ==}
    engines: {node: ^20.19.0 || >=22.12.0}
    cpu: [ia32]
    os: [win32]

  '@oxc-parser/binding-win32-x64-msvc@0.111.0':
    resolution: {integrity: sha512-ZA/o2NaPzoMN5LvC/wREZxZ8EF8MbOeG5l8R7mJRawwlVeE4L4dmFfjQ87INPtdwYzteAfNpiKsus1lvn4ohTg==}
    engines: {node: ^20.19.0 || >=22.12.0}
    cpu: [x64]
    os: [win32]

  '@oxc-project/runtime@0.111.0':
    resolution: {integrity: sha512-Hssa3lXfhczG0Qx0XB6NXLQTKrKeWSPDxcHqddCmBVnOQnlgE8Z+omcPHiewvvvZjSw8RgUPQCU5a+rx/vZ1YA==}
    engines: {node: ^20.19.0 || >=22.12.0}

  '@oxc-project/types@0.111.0':
    resolution: {integrity: sha512-bh54LJMafgRGl2cPQ/QM+tI5rWaShm/wK9KywEj/w36MhiPKXYM67H2y3q+9pr4YO7ufwg2AKdBAZkhHBD8ClA==}

  '@oxc-transform/binding-android-arm-eabi@0.111.0':
    resolution: {integrity: sha512-NdFLicvorfHYu0g2ftjVJaH7+Dz27AQUNJOq8t/ofRUoWmczOodgUCHx8C1M1htCN4ZmhS/FzfSy6yd/UngJGg==}
    engines: {node: ^20.19.0 || >=22.12.0}
    cpu: [arm]
    os: [android]

  '@oxc-transform/binding-android-arm64@0.111.0':
    resolution: {integrity: sha512-J2v9ajarD2FYlhHtjbgZUFsS2Kvi27pPxDWLGCy7i8tO60xBoozX9/ktSgbiE/QsxKaUhfv4zVKppKWUo71PmQ==}
    engines: {node: ^20.19.0 || >=22.12.0}
    cpu: [arm64]
    os: [android]

  '@oxc-transform/binding-darwin-arm64@0.111.0':
    resolution: {integrity: sha512-2UYmExxpXzmiHTldhNlosWqG9Nc4US51K0GB9RLcGlTE23WO33vVo1NVAKwxPE+KYuhffwDnRYTovTMUjzwvZA==}
    engines: {node: ^20.19.0 || >=22.12.0}
    cpu: [arm64]
    os: [darwin]

  '@oxc-transform/binding-darwin-x64@0.111.0':
    resolution: {integrity: sha512-c4YRwfLV8Pj/ToiTCbndZaHxM2BD4W3bltr/fjXZcGypEK+U2RZFDL7tIZYT/tyneAC9hCORZKDaKhLLNuzPtA==}
    engines: {node: ^20.19.0 || >=22.12.0}
    cpu: [x64]
    os: [darwin]

  '@oxc-transform/binding-freebsd-x64@0.111.0':
    resolution: {integrity: sha512-prvf32IcEuLnLZbNVomFosBu0CaZpyj3YsZ6epbOgJy8iJjfLsXBb+PrkO/NBKzjuJoJa2+u7jFKRE0KT7gSOw==}
    engines: {node: ^20.19.0 || >=22.12.0}
    cpu: [x64]
    os: [freebsd]

  '@oxc-transform/binding-linux-arm-gnueabihf@0.111.0':
    resolution: {integrity: sha512-+se3579Wp7VOk8TnTZCpT+obTAyzOw2b/UuoM0+51LtbzCSfjKxd4A+o7zRl7GyPrPZvx57KdbMOC9rWB1xNrw==}
    engines: {node: ^20.19.0 || >=22.12.0}
    cpu: [arm]
    os: [linux]

  '@oxc-transform/binding-linux-arm-musleabihf@0.111.0':
    resolution: {integrity: sha512-8faC99pStqaSDPK/vBgaagAHUeL0LcIzfeSjSiDTtvPGc3AwZIeqC1tx3CP15a6tWXjdgS/IUw4IjfD5HweBlg==}
    engines: {node: ^20.19.0 || >=22.12.0}
    cpu: [arm]
    os: [linux]

  '@oxc-transform/binding-linux-arm64-gnu@0.111.0':
    resolution: {integrity: sha512-HtfQv8j796gzI5WR/RaP6IMwFpiL0vYeDrUA1hYhlPzTHKYan/B+NlhJkKOI1v24yAl/yEnFmb0pxIxLNqBqBA==}
    engines: {node: ^20.19.0 || >=22.12.0}
    cpu: [arm64]
    os: [linux]
    libc: [glibc]

  '@oxc-transform/binding-linux-arm64-musl@0.111.0':
    resolution: {integrity: sha512-ARyfcMCIxVLDgLf6FQ8Oo1/TFySpnquV+vuSb4SFQZfYDqgMklzwv0NYXxWD0aB6enElyMDs6pQJBzusEKCkOg==}
    engines: {node: ^20.19.0 || >=22.12.0}
    cpu: [arm64]
    os: [linux]
    libc: [musl]

  '@oxc-transform/binding-linux-ppc64-gnu@0.111.0':
    resolution: {integrity: sha512-PKpVRrSvBNK3tv9vwxn7Fay+QWZmprPGlEqJcseBJllQc5mFMD4Q/w44chu5iR9ZLsDeSHzmNWrgMLo4J0sP2A==}
    engines: {node: ^20.19.0 || >=22.12.0}
    cpu: [ppc64]
    os: [linux]
    libc: [glibc]

  '@oxc-transform/binding-linux-riscv64-gnu@0.111.0':
    resolution: {integrity: sha512-9bUml6rMgk+8GF5rvNMweFspkzSiCjqpV6HduwiUyexqfGKrmjq9IZOxxvnzkE2RGdQzP507NNDoVNYIoGQYuA==}
    engines: {node: ^20.19.0 || >=22.12.0}
    cpu: [riscv64]
    os: [linux]
    libc: [glibc]

  '@oxc-transform/binding-linux-riscv64-musl@0.111.0':
    resolution: {integrity: sha512-tzGCohGxaeH6KRJjfYZd4mHCoGjCai6N+zZi1Oj+tSDMAAdyvs1dRzYb8PNUGnybCg3Te4M0jLPzWZaSmnKraQ==}
    engines: {node: ^20.19.0 || >=22.12.0}
    cpu: [riscv64]
    os: [linux]
    libc: [musl]

  '@oxc-transform/binding-linux-s390x-gnu@0.111.0':
    resolution: {integrity: sha512-sRG1KIfZ0ML9ToEygm5aM/5GJeBA05uHlgW3M0Rx/DNWMJhuahLmqWuB02aWSmijndLfEKXLLXIWhvWupRG8lg==}
    engines: {node: ^20.19.0 || >=22.12.0}
    cpu: [s390x]
    os: [linux]
    libc: [glibc]

  '@oxc-transform/binding-linux-x64-gnu@0.111.0':
    resolution: {integrity: sha512-T0Kmvk+OdlUdABdXlDIf3MQReMzFfC75NEI9x8jxy5pKooACEFg0k0V8gyR3gq4DzbDCfucqFQDWNvSgIopAbQ==}
    engines: {node: ^20.19.0 || >=22.12.0}
    cpu: [x64]
    os: [linux]
    libc: [glibc]

  '@oxc-transform/binding-linux-x64-musl@0.111.0':
    resolution: {integrity: sha512-EgoutsP3YfqzN8a9vpc9+XLr0bmBl0dA3uOMiP77+exATCPxJBkJErGmQkqk6RtTp5XqX6q6mB45qWQyKk6+pA==}
    engines: {node: ^20.19.0 || >=22.12.0}
    cpu: [x64]
    os: [linux]
    libc: [musl]

  '@oxc-transform/binding-openharmony-arm64@0.111.0':
    resolution: {integrity: sha512-d8J+ejc0j5WODbVwR/QxFaI65YMwvG0W53vcVCHwa6ja1QI5lpe7sislrefG2EFYgnY47voMRzlXab5d4gEcDw==}
    engines: {node: ^20.19.0 || >=22.12.0}
    cpu: [arm64]
    os: [openharmony]

  '@oxc-transform/binding-wasm32-wasi@0.111.0':
    resolution: {integrity: sha512-HtyIZO8IwuZgXkyb56rysLz1OLbfLhEu8A3BeuyJXzUseAj96yuxgGt3cu3QYX9AXb9pfRfA3c/fvlhsDugyTQ==}
    engines: {node: '>=14.0.0'}
    cpu: [wasm32]

  '@oxc-transform/binding-win32-arm64-msvc@0.111.0':
    resolution: {integrity: sha512-YeP80Riptc0MkVVBnzbmoFuHVLUq278+MbwNo9sTLALmzTIJxJqN029xRZbG+Bun7aLsoZhmRnm3J5JZ1NcP5w==}
    engines: {node: ^20.19.0 || >=22.12.0}
    cpu: [arm64]
    os: [win32]

  '@oxc-transform/binding-win32-ia32-msvc@0.111.0':
    resolution: {integrity: sha512-A6ztCXpoSHt6PbvGAFqB0MLOcGG7ZJrrPXY1iB0zfOB1atLgI8oNePGxPl03XSbwpiTsFJ1oo8rj9DXcBzgT9g==}
    engines: {node: ^20.19.0 || >=22.12.0}
    cpu: [ia32]
    os: [win32]

  '@oxc-transform/binding-win32-x64-msvc@0.111.0':
    resolution: {integrity: sha512-QddKW4kBH0Wof6Y65eYCNHM4iOGmCTWLLcNYY1FGswhzmTYOUVXajNROR+iCXAOFnOF0ldtsR79SyqgyHH1Bgg==}
    engines: {node: ^20.19.0 || >=22.12.0}
    cpu: [x64]
    os: [win32]

  '@oxfmt/darwin-arm64@0.27.0':
    resolution: {integrity: sha512-3vwqyzNlVTVFVzHMlrqxb4tgVgHp6FYS0uIxsIZ/SeEDG0azaqiOw/2t8LlJ9f72PKRLWSey+Ak99tiKgpbsnQ==}
    cpu: [arm64]
    os: [darwin]

  '@oxfmt/darwin-x64@0.27.0':
    resolution: {integrity: sha512-5u8mZVLm70v6l1wLZ2MmeNIEzGsruwKw5F7duePzpakPfxGtLpiFNUwe4aBUJULTP6aMzH+A4dA0JOn8lb7Luw==}
    cpu: [x64]
    os: [darwin]

  '@oxfmt/linux-arm64-gnu@0.27.0':
    resolution: {integrity: sha512-aql/LLYriX/5Ar7o5Qivnp/qMTUPNiOCr7cFLvmvzYZa3XL0H8XtbKUfIVm+9ILR0urXQzcml+L8pLe1p8sgEg==}
    cpu: [arm64]
    os: [linux]
    libc: [glibc]

  '@oxfmt/linux-arm64-musl@0.27.0':
    resolution: {integrity: sha512-6u/kNb7hubthg4u/pn3MK/GJLwPgjDvDDnjjr7TC0/OK/xztef8ToXmycxIQ9OeDNIJJf7Z0Ss/rHnKvQOWzRw==}
    cpu: [arm64]
    os: [linux]
    libc: [musl]

  '@oxfmt/linux-x64-gnu@0.27.0':
    resolution: {integrity: sha512-EhvDfFHO1yrK/Cu75eU1U828lBsW2cV0JITOrka5AjR3PlmnQQ03Mr9ROkWkbPmzAMklXI4Q16eO+4n+7FhS1w==}
    cpu: [x64]
    os: [linux]
    libc: [glibc]

  '@oxfmt/linux-x64-musl@0.27.0':
    resolution: {integrity: sha512-1pgjuwMT5sCekuteYZ7LkDsto7DJouaccwjozHqdWohSj2zJpFeSP2rMaC+6JJ1KD5r9HG9sWRuHZGEaoX9uOw==}
    cpu: [x64]
    os: [linux]
    libc: [musl]

  '@oxfmt/win32-arm64@0.27.0':
    resolution: {integrity: sha512-mmuEhXZEhAYAeyjVTWwGKIA3RSb2b/He9wrXkDJPhmqp8qISUzkVg1dQmLEt4hD+wI5rzR+6vchPt521tzuRDA==}
    cpu: [arm64]
    os: [win32]

  '@oxfmt/win32-x64@0.27.0':
    resolution: {integrity: sha512-cXKVkL1DuRq31QjwHqtBEUztyBmM9YZKdeFhsDLBURNdk1CFW42uWsmTsaqrXSoiCj7nCjfP0pwTOzxhQZra/A==}
    cpu: [x64]
    os: [win32]

  '@oxlint/darwin-arm64@1.42.0':
    resolution: {integrity: sha512-ui5CdAcDsXPQwZQEXOOSWsilJWhgj9jqHCvYBm2tDE8zfwZZuF9q58+hGKH1x5y0SV4sRlyobB2Quq6uU6EgeA==}
    cpu: [arm64]
    os: [darwin]

  '@oxlint/darwin-x64@1.42.0':
    resolution: {integrity: sha512-wo0M/hcpHRv7vFje99zHHqheOhVEwUOKjOgBKyi0M99xcLizv04kcSm1rTd6HSCeZgOtiJYZRVAlKhQOQw2byQ==}
    cpu: [x64]
    os: [darwin]

  '@oxlint/linux-arm64-gnu@1.42.0':
    resolution: {integrity: sha512-j4QzfCM8ks+OyM+KKYWDiBEQsm5RCW50H1Wz16wUyoFsobJ+X5qqcJxq6HvkE07m8euYmZelyB0WqsiDoz1v8g==}
    cpu: [arm64]
    os: [linux]
    libc: [glibc]

  '@oxlint/linux-arm64-musl@1.42.0':
    resolution: {integrity: sha512-g5b1Uw7zo6yw4Ymzyd1etKzAY7xAaGA3scwB8tAp3QzuY7CYdfTwlhiLKSAKbd7T/JBgxOXAGNcLDorJyVTXcg==}
    cpu: [arm64]
    os: [linux]
    libc: [musl]

  '@oxlint/linux-x64-gnu@1.42.0':
    resolution: {integrity: sha512-HnD99GD9qAbpV4q9iQil7mXZUJFpoBdDavfcC2CgGLPlawfcV5COzQPNwOgvPVkr7C0cBx6uNCq3S6r9IIiEIg==}
    cpu: [x64]
    os: [linux]
    libc: [glibc]

  '@oxlint/linux-x64-musl@1.42.0':
    resolution: {integrity: sha512-8NTe8A78HHFn+nBi+8qMwIjgv9oIBh+9zqCPNLH56ah4vKOPvbePLI6NIv9qSkmzrBuu8SB+FJ2TH/G05UzbNA==}
    cpu: [x64]
    os: [linux]
    libc: [musl]

  '@oxlint/win32-arm64@1.42.0':
    resolution: {integrity: sha512-lAPS2YAuu+qFqoTNPFcNsxXjwSV0M+dOgAzzVTAN7Yo2ifj+oLOx0GsntWoM78PvQWI7Q827ZxqtU2ImBmDapA==}
    cpu: [arm64]
    os: [win32]

  '@oxlint/win32-x64@1.42.0':
    resolution: {integrity: sha512-3/KmyUOHNriL6rLpaFfm9RJxdhpXY2/Ehx9UuorJr2pUA+lrZL15FAEx/DOszYm5r10hfzj40+efAHcCilNvSQ==}
    cpu: [x64]
    os: [win32]

  '@rolldown/binding-android-arm64@1.0.0-rc.2':
    resolution: {integrity: sha512-AGV80viZ4Hil4C16GFH+PSwq10jclV9oyRFhD+5HdowPOCJ+G+99N5AClQvMkUMIahTY8cX0SQpKEEWcCg6fSA==}
    engines: {node: ^20.19.0 || >=22.12.0}
    cpu: [arm64]
    os: [android]

  '@rolldown/binding-darwin-arm64@1.0.0-rc.2':
    resolution: {integrity: sha512-PYR+PQu1mMmQiiKHN2JiOctvH32Xc/Mf+Su2RSmWtC9BbIqlqsVWjbulnShk0imjRim0IsbkMMCN5vYQwiuqaA==}
    engines: {node: ^20.19.0 || >=22.12.0}
    cpu: [arm64]
    os: [darwin]

  '@rolldown/binding-darwin-x64@1.0.0-rc.2':
    resolution: {integrity: sha512-X2G36Z6oh5ynoYpE2JAyG+uQ4kO/3N7XydM/I98FNk8VVgDKjajFF+v7TXJ2FMq6xa7Xm0UIUKHW2MRQroqoUA==}
    engines: {node: ^20.19.0 || >=22.12.0}
    cpu: [x64]
    os: [darwin]

  '@rolldown/binding-freebsd-x64@1.0.0-rc.2':
    resolution: {integrity: sha512-XpiFTsl9qjiDfrmJF6CE3dgj1nmSbxUIT+p2HIbXV6WOj/32btO8FKkWSsOphUwVinEt3R8HVkVrcLtFNruMMQ==}
    engines: {node: ^20.19.0 || >=22.12.0}
    cpu: [x64]
    os: [freebsd]

  '@rolldown/binding-linux-arm-gnueabihf@1.0.0-rc.2':
    resolution: {integrity: sha512-zjYZ99e47Wlygs4hW+sQ+kshlO8ake9OoY2ecnJ9cwpDGiiIB9rQ3LgP3kt8j6IeVyMSksu//VEhc8Mrd1lRIw==}
    engines: {node: ^20.19.0 || >=22.12.0}
    cpu: [arm]
    os: [linux]

  '@rolldown/binding-linux-arm64-gnu@1.0.0-rc.2':
    resolution: {integrity: sha512-Piso04EZ9IHV1aZSsLQVMOPTiCq4Ps2UPL3pchjNXHGJGFiB9U42s22LubPaEBFS+i6tCawS5EarIwex1zC4BA==}
    engines: {node: ^20.19.0 || >=22.12.0}
    cpu: [arm64]
    os: [linux]
    libc: [glibc]

  '@rolldown/binding-linux-arm64-musl@1.0.0-rc.2':
    resolution: {integrity: sha512-OwJCeMZlmjKsN9pfJfTmqYpe3JC+L6RO87+hu9ajRLr1Lh6cM2FRQ8e48DLRyRDww8Ti695XQvqEANEMmsuzLw==}
    engines: {node: ^20.19.0 || >=22.12.0}
    cpu: [arm64]
    os: [linux]
    libc: [musl]

  '@rolldown/binding-linux-x64-gnu@1.0.0-rc.2':
    resolution: {integrity: sha512-uQqBmA8dTWbKvfqbeSsXNUssRGfdgQCc0hkGfhQN7Pf85wG2h0Fd/z2d+ykyT4YbcsjQdgEGxBNsg3v4ekOuEA==}
    engines: {node: ^20.19.0 || >=22.12.0}
    cpu: [x64]
    os: [linux]
    libc: [glibc]

  '@rolldown/binding-linux-x64-musl@1.0.0-rc.2':
    resolution: {integrity: sha512-ItZabVsICCYWHbP+jcAgNzjPAYg5GIVQp/NpqT6iOgWctaMYtobClc5m0kNtxwqfNrLXoyt998xUey4AvcxnGQ==}
    engines: {node: ^20.19.0 || >=22.12.0}
    cpu: [x64]
    os: [linux]
    libc: [musl]

  '@rolldown/binding-openharmony-arm64@1.0.0-rc.2':
    resolution: {integrity: sha512-U4UYANwafcMXSUC0VqdrqTAgCo2v8T7SiuTYwVFXgia0KOl8jiv3okwCFqeZNuw/G6EWDiqhT8kK1DLgyLsxow==}
    engines: {node: ^20.19.0 || >=22.12.0}
    cpu: [arm64]
    os: [openharmony]

  '@rolldown/binding-wasm32-wasi@1.0.0-rc.2':
    resolution: {integrity: sha512-ZIWCjQsMon4tqRoao0Vzowjwx0cmFT3kublh2nNlgeasIJMWlIGHtr0d4fPypm57Rqx4o1h4L8SweoK2q6sMGA==}
    engines: {node: '>=14.0.0'}
    cpu: [wasm32]

  '@rolldown/binding-win32-arm64-msvc@1.0.0-rc.2':
    resolution: {integrity: sha512-NIo7vwRUPEzZ4MuZGr5YbDdjJ84xdiG+YYf8ZBfTgvIsk9wM0sZamJPEXvaLkzVIHpOw5uqEHXS85Gqqb7aaqQ==}
    engines: {node: ^20.19.0 || >=22.12.0}
    cpu: [arm64]
    os: [win32]

  '@rolldown/binding-win32-x64-msvc@1.0.0-rc.2':
    resolution: {integrity: sha512-bLKzyLFbvngeNPZocuLo3LILrKwCrkyMxmRXs6fZYDrvh7cyZRw9v56maDL9ipPas0OOmQK1kAKYwvTs30G21Q==}
    engines: {node: ^20.19.0 || >=22.12.0}
    cpu: [x64]
    os: [win32]

  '@rolldown/pluginutils@1.0.0-rc.2':
    resolution: {integrity: sha512-izyXV/v+cHiRfozX62W9htOAvwMo4/bXKDrQ+vom1L1qRuexPock/7VZDAhnpHCLNejd3NJ6hiab+tO0D44Rgw==}

  '@standard-schema/spec@1.1.0':
    resolution: {integrity: sha512-l2aFy5jALhniG5HgqrD6jXLi/rUWrKvqN/qJx6yoJsgKhblVd+iqqU4RCXavm/jPityDo5TCvKMnpjKnOriy0w==}

  '@tybys/wasm-util@0.10.1':
    resolution: {integrity: sha512-9tTaPJLSiejZKx+Bmog4uSubteqTvFrVrURwkmHixBo0G4seD0zUxp98E1DzUBJxLQ3NPwXrGKDiVjwx/DpPsg==}

  '@types/bun@1.3.8':
    resolution: {integrity: sha512-3LvWJ2q5GerAXYxO2mffLTqOzEu5qnhEAlh48Vnu8WQfnmSwbgagjGZV6BoHKJztENYEDn6QmVd949W4uESRJA==}

  '@types/node@25.1.0':
    resolution: {integrity: sha512-t7frlewr6+cbx+9Ohpl0NOTKXZNV9xHRmNOvql47BFJKcEG1CxtxlPEEe+gR9uhVWM4DwhnvTF110mIL4yP9RA==}

  '@typescript/native-preview-darwin-arm64@7.0.0-dev.20260130.1':
    resolution: {integrity: sha512-Jo5kVoxaewKPn/3bKWyUB/gPR+Tjhj6isLc8VshV4OyFX4n6pkvVyk3ANivl7Kwmiv3WGKGUotbZ71DKCZATwA==}
    cpu: [arm64]
    os: [darwin]

  '@typescript/native-preview-darwin-x64@7.0.0-dev.20260130.1':
    resolution: {integrity: sha512-dR0fjdcLykfiDOIKjZMGqPBHVl9Dd/C+jFU43Wr3dcPFPFf1oVYsaWAZBSkTXnN9QP8i0/ZV+ZUr1gDjoi3x0Q==}
    cpu: [x64]
    os: [darwin]

  '@typescript/native-preview-linux-arm64@7.0.0-dev.20260130.1':
    resolution: {integrity: sha512-P/1YTpIiFd2pPtHt4sKEmUTaKf1xvuuiV0TvhQ7n2gDYskNjZ66iWCC9w7okjgsmWE9JLh/IRrNcb9FKVk3SHw==}
    cpu: [arm64]
    os: [linux]

  '@typescript/native-preview-linux-arm@7.0.0-dev.20260130.1':
    resolution: {integrity: sha512-wnx4bY/1u006U67fEkPtPVZ65VYMLgkFqOadGyrUxhtveR5WbbgFUuUBES0mPxvzS4ToZzn94jhcnAvN8VOTcA==}
    cpu: [arm]
    os: [linux]

  '@typescript/native-preview-linux-x64@7.0.0-dev.20260130.1':
    resolution: {integrity: sha512-OgHVjivuOS22WIZvIm+Pnm7yqFLwonkIrBOxRdew/pPwVGLQVSo+bQ+RocQDj2VFYxXcHs2yXwCk3PDmwLIYYg==}
    cpu: [x64]
    os: [linux]

  '@typescript/native-preview-win32-arm64@7.0.0-dev.20260130.1':
    resolution: {integrity: sha512-f/DUxQtIWkZq0eUjZHFmaSxterO/ccu1NxFk0L/Oqj7AfjWVDCqrLVgZJKjvwcG5TEb5AVt7GMUpGEAYZQiUvg==}
    cpu: [arm64]
    os: [win32]

  '@typescript/native-preview-win32-x64@7.0.0-dev.20260130.1':
    resolution: {integrity: sha512-Isr051Cq8RbXOUMYYmwLYw8yBGaEG/Zp0sp7HNeYhVVkc3/3KeveEqCk29q1QRwiBr7HnApdzJP7f+lSZk8gmg==}
    cpu: [x64]
    os: [win32]

  '@typescript/native-preview@7.0.0-dev.20260130.1':
    resolution: {integrity: sha512-lvt9sECmBkrABxl3rMNRAX2unzhYcoNhlTyR7rOvbyM//QTXKUctVD7ByWBvk02et2caUUwIWq2vnygaeW8Mew==}
    hasBin: true

  '@vercube/cli@0.0.42':
    resolution: {integrity: sha512-7USV+jLSX2xoL7yDh2Z+lbieZN7uNSnTuYTpj628wDwpBVlnqP8X/Snosc16hle4GIYeAZ/XnR8jmibS1hnHqA==}
    hasBin: true

  '@vercube/core@0.0.42':
    resolution: {integrity: sha512-nMAa0T/hRgjZt67qczWfXaun45yYy9UypnrtnjATzydiqYdXxBVFKLic5/ppcTd+4TAtnSsyhIYS4f/zBtoxAw==}

  '@vercube/devkit@0.0.42':
    resolution: {integrity: sha512-oaxGCyjmW82jQJm5MzA8J3xpRgGyu4XsNN78N8sbPsv0AjwaHX6cEDAgtDhcub8UmRuMK+s3/vxi2dj/szc35Q==}

  '@vercube/di@0.0.42':
    resolution: {integrity: sha512-U29iOOM42Nxoj1mmjpYXlmL+spTKsyLl6oNk0NZSvOKM8vdZDDwA5Fqa2vfB46pAbPySHYtgIXa3slbgMoC7tQ==}

  '@vercube/logger@0.0.42':
    resolution: {integrity: sha512-ZVEQVdKNXrIQ1HgoIhdamHQGtVYvZX9nhpbtsGYsDuhVcY04SXKcflnhez+YHychl0tS0DA2ZOK+lpeeJaM91A==}

  acorn@8.15.0:
    resolution: {integrity: sha512-NZyJarBfL7nWwIq+FDL6Zp/yHEhePMNnnJ0y3qfieCrmNvYct8uvtiV41UvlSe6apAfk0fY1FbWx+NwfmpvtTg==}
    engines: {node: '>=0.4.0'}
    hasBin: true

  bun-types@1.3.8:
    resolution: {integrity: sha512-fL99nxdOWvV4LqjmC+8Q9kW3M4QTtTR1eePs94v5ctGqU8OeceWrSUaRw3JYb7tU3FkMIAjkueehrHPPPGKi5Q==}

  c12@3.3.3:
    resolution: {integrity: sha512-750hTRvgBy5kcMNPdh95Qo+XUBeGo8C7nsKSmedDmaQI+E0r82DwHeM6vBewDe4rGFbnxoa4V9pw+sPh5+Iz8Q==}
    peerDependencies:
      magicast: '*'
    peerDependenciesMeta:
      magicast:
        optional: true

  chokidar@5.0.0:
    resolution: {integrity: sha512-TQMmc3w+5AxjpL8iIiwebF73dRDF4fBIieAqGn9RGCWaEVwQ6Fb2cGe31Yns0RRIzii5goJ1Y7xbMwo1TxMplw==}
    engines: {node: '>= 20.19.0'}

  citty@0.1.6:
    resolution: {integrity: sha512-tskPPKEs8D2KPafUypv2gxwJP8h/OaJmC82QQGGDQcHvXX43xF2VDACcJVmZ0EuSxkpO9Kc4MlrA3q0+FG58AQ==}

  citty@0.2.0:
    resolution: {integrity: sha512-8csy5IBFI2ex2hTVpaHN2j+LNE199AgiI7y4dMintrr8i0lQiFn+0AWMZrWdHKIgMOer65f8IThysYhoReqjWA==}

  confbox@0.2.2:
    resolution: {integrity: sha512-1NB+BKqhtNipMsov4xI/NnhCKp9XG9NamYp5PVm9klAT0fsrNPjaFICsCFhNhwZJKNh7zB/3q8qXz0E9oaMNtQ==}

  consola@3.4.2:
    resolution: {integrity: sha512-5IKcdX0nnYavi6G7TtOhwkYzyjfJlatbjMjuLSfE2kYT5pMDOilZ4OvMhi637CcDICTmz3wARPoyhqyX1Y+XvA==}
    engines: {node: ^14.18.0 || >=16.10.0}

  defu@6.1.4:
    resolution: {integrity: sha512-mEQCMmwJu317oSz8CwdIOdwf3xMif1ttiM8LTufzc3g6kR+9Pe236twL8j3IYT1F7GfRgGcW6MWxzZjLIkuHIg==}

  destr@2.0.5:
    resolution: {integrity: sha512-ugFTXCtDZunbzasqBxrK93Ik/DRYsO6S/fedkWEMKqt04xZ4csmnmwGDBAb07QWNaGMAmnTIemsYZCksjATwsA==}

  dotenv@17.2.3:
    resolution: {integrity: sha512-JVUnt+DUIzu87TABbhPmNfVdBDt18BLOWjMUFJMSi/Qqg7NTYtabbvSNJGOJ7afbRuv9D/lngizHtP7QyLQ+9w==}
    engines: {node: '>=12'}

  exsolve@1.0.8:
    resolution: {integrity: sha512-LmDxfWXwcTArk8fUEnOfSZpHOJ6zOMUJKOtFLFqJLoKJetuQG874Uc7/Kki7zFLzYybmZhp1M7+98pfMqeX8yA==}

  giget@2.0.0:
    resolution: {integrity: sha512-L5bGsVkxJbJgdnwyuheIunkGatUF/zssUoxxjACCseZYAVbaqdh9Tsmmlkl8vYan09H7sbvKt4pS8GqKLBrEzA==}
    hasBin: true

  giget@3.1.1:
    resolution: {integrity: sha512-wwGgnwnZuJT7v9RNssirmhWwTo/zeFkbCVF8KDzm0VrH+lPOW0OOl4degdKy6ofNxNjOMpLE0GgCuH/4AJFSzA==}
    hasBin: true

  hookable@6.0.1:
    resolution: {integrity: sha512-uKGyY8BuzN/a5gvzvA+3FVWo0+wUjgtfSdnmjtrOVwQCZPHpHDH2WRO3VZSOeluYrHoDCiXFffZXs8Dj1ULWtw==}

  jiti@2.6.1:
    resolution: {integrity: sha512-ekilCSN1jwRvIbgeg/57YFh8qQDNbwDb9xT/qu2DAHbFFZUicIl4ygVaAvzveMhMVr3LnpSKTNnwt8PoOfmKhQ==}
    hasBin: true

  magic-string@0.30.21:
    resolution: {integrity: sha512-vd2F4YUyEXKGcLHoq+TEyCjxueSeHnFxyyjNp80yg0XV4vUhnDer/lvvlqM/arB5bXQN5K2/3oinyCRyx8T2CQ==}

  node-fetch-native@1.6.7:
    resolution: {integrity: sha512-g9yhqoedzIUm0nTnTqAQvueMPVOuIY16bqgAJJC8XOOubYFNwz6IER9qs0Gq2Xd0+CecCKFjtdDTMA4u4xG06Q==}

  nypm@0.6.4:
    resolution: {integrity: sha512-1TvCKjZyyklN+JJj2TS3P4uSQEInrM/HkkuSXsEzm1ApPgBffOn8gFguNnZf07r/1X6vlryfIqMUkJKQMzlZiw==}
    engines: {node: '>=18'}
    hasBin: true

  obug@2.1.1:
    resolution: {integrity: sha512-uTqF9MuPraAQ+IsnPf366RG4cP9RtUi7MLO1N3KEc+wb0a6yKpeL0lmk2IB1jY5KHPAlTc6T/JRdC/YqxHNwkQ==}

  ohash@2.0.11:
    resolution: {integrity: sha512-RdR9FQrFwNBNXAr4GixM8YaRZRJ5PUWbKYbE5eOsrwAjJW0q2REGcf79oYPsLyskQCZG1PLN+S/K1V00joZAoQ==}

  oxc-parser@0.111.0:
    resolution: {integrity: sha512-beesBIb46bfuBure8ztUOQ3mOsC12SwEAHERO+PgSZAcWspoULUvb5CQ1wWUSpnTKsmUXIv6mQVXODPgbgX5WQ==}
    engines: {node: ^20.19.0 || >=22.12.0}

  oxc-transform@0.111.0:
    resolution: {integrity: sha512-oa5KKSDNLHZGaiqIGAbCWXeN9IJUAz9MElWcQX90epDxdKc9Hrt/BsLj3K4gDqfAYa5dwdH+ZCFJG9hR74fiGg==}
    engines: {node: ^20.19.0 || >=22.12.0}

  oxfmt@0.27.0:
    resolution: {integrity: sha512-FHR0HR3WeMKBuVEQvW3EeiRZXs/cQzNHxGbhCoAIEPr1FVcOa9GCqrKJXPqv2jkzmCg6Wqot+DvN9RzemyFJhw==}
    engines: {node: ^20.19.0 || >=22.12.0}
    hasBin: true

  oxlint@1.42.0:
    resolution: {integrity: sha512-qnspC/lrp8FgKNaONLLn14dm+W5t0SSlus6V5NJpgI2YNT1tkFYZt4fBf14ESxf9AAh98WBASnW5f0gtw462Lg==}
    engines: {node: ^20.19.0 || >=22.12.0}
    hasBin: true
    peerDependencies:
      oxlint-tsgolint: '>=0.11.2'
    peerDependenciesMeta:
      oxlint-tsgolint:
        optional: true

  pathe@2.0.3:
    resolution: {integrity: sha512-WUjGcAqP1gQacoQe+OBJsFA7Ld4DyXuUIjZ5cc75cLHvJ7dtNsTugphxIADwspS+AraAUePCKrSVtPLFj/F88w==}

  perfect-debounce@2.1.0:
    resolution: {integrity: sha512-LjgdTytVFXeUgtHZr9WYViYSM/g8MkcTPYDlPa3cDqMirHjKiSZPYd6DoL7pK8AJQr+uWkQvCjHNdiMqsrJs+g==}

  picomatch@4.0.3:
    resolution: {integrity: sha512-5gTmgEY/sqK6gFXLIsQNH19lWb4ebPDLA4SdLP7dsWkIXHWlG66oPuVvXSGFPppYZz8ZDZq0dYYrbHfBCVUb1Q==}
    engines: {node: '>=12'}

  pkg-types@2.3.0:
    resolution: {integrity: sha512-SIqCzDRg0s9npO5XQ3tNZioRY1uK06lA41ynBC1YmFTmnY6FjUjVt6s4LoADmwoig1qqD0oK8h1p/8mlMx8Oig==}

  rc9@2.1.2:
    resolution: {integrity: sha512-btXCnMmRIBINM2LDZoEmOogIZU7Qe7zn4BpomSKZ/ykbLObuBdvG+mFq11DL6fjH1DRwHhrlgtYWG96bJiC7Cg==}

  readdirp@5.0.0:
    resolution: {integrity: sha512-9u/XQ1pvrQtYyMpZe7DXKv2p5CNvyVwzUB6uhLAnQwHMSgKMBR62lc7AHljaeteeHXn11XTAaLLUVZYVZyuRBQ==}
    engines: {node: '>= 20.19.0'}

  rolldown@1.0.0-rc.2:
    resolution: {integrity: sha512-1g/8Us9J8sgJGn3hZfBecX1z4U3y5KO7V/aV2U1M/9UUzLNqHA8RfFQ/NPT7HLxOIldyIgrcjaYTRvA81KhJIg==}
    engines: {node: ^20.19.0 || >=22.12.0}
    hasBin: true

  rou3@0.7.12:
    resolution: {integrity: sha512-iFE4hLDuloSWcD7mjdCDhx2bKcIsYbtOTpfH5MHHLSKMOUyjqQXTeZVa289uuwEGEKFoE/BAPbhaU4B774nceg==}

  srvx-nightly@0.10.2-20260129-215241-716408f:
    resolution: {integrity: sha512-RKWh+3MnAEiMkijcY4eWycdkmkKj4LN2AxDK1hv3vceDOTuKfib0TUHCyXINfbJ4UoGXesg61UILCR43EuWd5A==}
    engines: {node: '>=20.16.0'}
    hasBin: true

  std-env@3.10.0:
    resolution: {integrity: sha512-5GS12FdOZNliM5mAOxFRg7Ir0pWz8MdpYm6AY6VPkGpbA7ZzmbzNcBJQ0GPvvyWgcY7QAhCgf9Uy89I03faLkg==}

  tinyexec@1.0.2:
    resolution: {integrity: sha512-W/KYk+NFhkmsYpuHq5JykngiOCnxeVL8v8dFnqxSD8qEEdRfXk1SDM6JzNqcERbcGYj9tMrDQBYV9cjgnunFIg==}
    engines: {node: '>=18'}

  tinypool@2.0.0:
    resolution: {integrity: sha512-/RX9RzeH2xU5ADE7n2Ykvmi9ED3FBGPAjw9u3zucrNNaEBIO0HPSYgL0NT7+3p147ojeSdaVu08F6hjpv31HJg==}
    engines: {node: ^20.0.0 || >=22.0.0}

  tslib@2.8.1:
    resolution: {integrity: sha512-oJFu94HQb+KVduSUQL7wnpmqnfmLsOA/nAh6b6EH0wCEoK0/mPeXU6c3wKDV83MkOuHPRHtSXKKU99IBazS/2w==}

  typescript@5.9.3:
    resolution: {integrity: sha512-jl1vZzPDinLr9eUt3J/t7V6FgNEw9QjvBPdysz9KfQDD41fQrC2Y4vKQdiaUpFT4bXlb1RHhLpp8wtm6M5TgSw==}
    engines: {node: '>=14.17'}
    hasBin: true

  undici-types@7.16.0:
    resolution: {integrity: sha512-Zz+aZWSj8LE6zoxD+xrjh4VfkIG8Ya6LvYkZqtUQGJPZjYl53ypCaUwWqo7eI0x66KBGeRo+mlBEkMSeSZ38Nw==}

  unplugin-isolated-decl@0.15.7:
    resolution: {integrity: sha512-JrQGKO9HFvnnt7atd0PBoRLgZAKn66Qa2vKPebMhN5b/kzfuyLVSKKw+9DrcyPZ5PGobcg5SLWlAXq686SfnXw==}
    engines: {node: '>=20.19.0'}
    peerDependencies:
      '@swc/core': ^1.6.6
      typescript: ^5.5.2
    peerDependenciesMeta:
      '@swc/core':
        optional: true
      typescript:
        optional: true

  unplugin-utils@0.3.1:
    resolution: {integrity: sha512-5lWVjgi6vuHhJ526bI4nlCOmkCIF3nnfXkCMDeMJrtdvxTs6ZFCM8oNufGTsDbKv/tJ/xj8RpvXjRuPBZJuJog==}
    engines: {node: '>=20.19.0'}

  unplugin@2.3.11:
    resolution: {integrity: sha512-5uKD0nqiYVzlmCRs01Fhs2BdkEgBS3SAVP6ndrBsuK42iC2+JHyxM05Rm9G8+5mkmRtzMZGY8Ct5+mliZxU/Ww==}
    engines: {node: '>=18.12.0'}

  webpack-virtual-modules@0.6.2:
    resolution: {integrity: sha512-66/V2i5hQanC51vBQKPH4aI8NMAcBW59FVBs+rC7eGHupMyfn34q7rZIE+ETlJ+XTevqfUhVVBgSUNSW2flEUQ==}

snapshots:

  '@emnapi/core@1.8.1':
    dependencies:
      '@emnapi/wasi-threads': 1.1.0
      tslib: 2.8.1
    optional: true

  '@emnapi/runtime@1.8.1':
    dependencies:
      tslib: 2.8.1
    optional: true

  '@emnapi/wasi-threads@1.1.0':
    dependencies:
      tslib: 2.8.1
    optional: true

  '@jridgewell/gen-mapping@0.3.13':
    dependencies:
      '@jridgewell/sourcemap-codec': 1.5.5
      '@jridgewell/trace-mapping': 0.3.31

  '@jridgewell/remapping@2.3.5':
    dependencies:
      '@jridgewell/gen-mapping': 0.3.13
      '@jridgewell/trace-mapping': 0.3.31

  '@jridgewell/resolve-uri@3.1.2': {}

  '@jridgewell/sourcemap-codec@1.5.5': {}

  '@jridgewell/trace-mapping@0.3.31':
    dependencies:
      '@jridgewell/resolve-uri': 3.1.2
      '@jridgewell/sourcemap-codec': 1.5.5

  '@napi-rs/wasm-runtime@1.1.1':
    dependencies:
      '@emnapi/core': 1.8.1
      '@emnapi/runtime': 1.8.1
      '@tybys/wasm-util': 0.10.1
    optional: true

  '@oxc-parser/binding-android-arm-eabi@0.111.0':
    optional: true

  '@oxc-parser/binding-android-arm64@0.111.0':
    optional: true

  '@oxc-parser/binding-darwin-arm64@0.111.0':
    optional: true

  '@oxc-parser/binding-darwin-x64@0.111.0':
    optional: true

  '@oxc-parser/binding-freebsd-x64@0.111.0':
    optional: true

  '@oxc-parser/binding-linux-arm-gnueabihf@0.111.0':
    optional: true

  '@oxc-parser/binding-linux-arm-musleabihf@0.111.0':
    optional: true

  '@oxc-parser/binding-linux-arm64-gnu@0.111.0':
    optional: true

  '@oxc-parser/binding-linux-arm64-musl@0.111.0':
    optional: true

  '@oxc-parser/binding-linux-ppc64-gnu@0.111.0':
    optional: true

  '@oxc-parser/binding-linux-riscv64-gnu@0.111.0':
    optional: true

  '@oxc-parser/binding-linux-riscv64-musl@0.111.0':
    optional: true

  '@oxc-parser/binding-linux-s390x-gnu@0.111.0':
    optional: true

  '@oxc-parser/binding-linux-x64-gnu@0.111.0':
    optional: true

  '@oxc-parser/binding-linux-x64-musl@0.111.0':
    optional: true

  '@oxc-parser/binding-openharmony-arm64@0.111.0':
    optional: true

  '@oxc-parser/binding-wasm32-wasi@0.111.0':
    dependencies:
      '@napi-rs/wasm-runtime': 1.1.1
    optional: true

  '@oxc-parser/binding-win32-arm64-msvc@0.111.0':
    optional: true

  '@oxc-parser/binding-win32-ia32-msvc@0.111.0':
    optional: true

  '@oxc-parser/binding-win32-x64-msvc@0.111.0':
    optional: true

  '@oxc-project/runtime@0.111.0': {}

  '@oxc-project/types@0.111.0': {}

  '@oxc-transform/binding-android-arm-eabi@0.111.0':
    optional: true

  '@oxc-transform/binding-android-arm64@0.111.0':
    optional: true

  '@oxc-transform/binding-darwin-arm64@0.111.0':
    optional: true

  '@oxc-transform/binding-darwin-x64@0.111.0':
    optional: true

  '@oxc-transform/binding-freebsd-x64@0.111.0':
    optional: true

  '@oxc-transform/binding-linux-arm-gnueabihf@0.111.0':
    optional: true

  '@oxc-transform/binding-linux-arm-musleabihf@0.111.0':
    optional: true

  '@oxc-transform/binding-linux-arm64-gnu@0.111.0':
    optional: true

  '@oxc-transform/binding-linux-arm64-musl@0.111.0':
    optional: true

  '@oxc-transform/binding-linux-ppc64-gnu@0.111.0':
    optional: true

  '@oxc-transform/binding-linux-riscv64-gnu@0.111.0':
    optional: true

  '@oxc-transform/binding-linux-riscv64-musl@0.111.0':
    optional: true

  '@oxc-transform/binding-linux-s390x-gnu@0.111.0':
    optional: true

  '@oxc-transform/binding-linux-x64-gnu@0.111.0':
    optional: true

  '@oxc-transform/binding-linux-x64-musl@0.111.0':
    optional: true

  '@oxc-transform/binding-openharmony-arm64@0.111.0':
    optional: true

  '@oxc-transform/binding-wasm32-wasi@0.111.0':
    dependencies:
      '@napi-rs/wasm-runtime': 1.1.1
    optional: true

  '@oxc-transform/binding-win32-arm64-msvc@0.111.0':
    optional: true

  '@oxc-transform/binding-win32-ia32-msvc@0.111.0':
    optional: true

  '@oxc-transform/binding-win32-x64-msvc@0.111.0':
    optional: true

  '@oxfmt/darwin-arm64@0.27.0':
    optional: true

  '@oxfmt/darwin-x64@0.27.0':
    optional: true

  '@oxfmt/linux-arm64-gnu@0.27.0':
    optional: true

  '@oxfmt/linux-arm64-musl@0.27.0':
    optional: true

  '@oxfmt/linux-x64-gnu@0.27.0':
    optional: true

  '@oxfmt/linux-x64-musl@0.27.0':
    optional: true

  '@oxfmt/win32-arm64@0.27.0':
    optional: true

  '@oxfmt/win32-x64@0.27.0':
    optional: true

  '@oxlint/darwin-arm64@1.42.0':
    optional: true

  '@oxlint/darwin-x64@1.42.0':
    optional: true

  '@oxlint/linux-arm64-gnu@1.42.0':
    optional: true

  '@oxlint/linux-arm64-musl@1.42.0':
    optional: true

  '@oxlint/linux-x64-gnu@1.42.0':
    optional: true

  '@oxlint/linux-x64-musl@1.42.0':
    optional: true

  '@oxlint/win32-arm64@1.42.0':
    optional: true

  '@oxlint/win32-x64@1.42.0':
    optional: true

  '@rolldown/binding-android-arm64@1.0.0-rc.2':
    optional: true

  '@rolldown/binding-darwin-arm64@1.0.0-rc.2':
    optional: true

  '@rolldown/binding-darwin-x64@1.0.0-rc.2':
    optional: true

  '@rolldown/binding-freebsd-x64@1.0.0-rc.2':
    optional: true

  '@rolldown/binding-linux-arm-gnueabihf@1.0.0-rc.2':
    optional: true

  '@rolldown/binding-linux-arm64-gnu@1.0.0-rc.2':
    optional: true

  '@rolldown/binding-linux-arm64-musl@1.0.0-rc.2':
    optional: true

  '@rolldown/binding-linux-x64-gnu@1.0.0-rc.2':
    optional: true

  '@rolldown/binding-linux-x64-musl@1.0.0-rc.2':
    optional: true

  '@rolldown/binding-openharmony-arm64@1.0.0-rc.2':
    optional: true

  '@rolldown/binding-wasm32-wasi@1.0.0-rc.2':
    dependencies:
      '@napi-rs/wasm-runtime': 1.1.1
    optional: true

  '@rolldown/binding-win32-arm64-msvc@1.0.0-rc.2':
    optional: true

  '@rolldown/binding-win32-x64-msvc@1.0.0-rc.2':
    optional: true

  '@rolldown/pluginutils@1.0.0-rc.2': {}

  '@standard-schema/spec@1.1.0': {}

  '@tybys/wasm-util@0.10.1':
    dependencies:
      tslib: 2.8.1
    optional: true

  '@types/bun@1.3.8':
    dependencies:
      bun-types: 1.3.8

  '@types/node@25.1.0':
    dependencies:
      undici-types: 7.16.0

  '@typescript/native-preview-darwin-arm64@7.0.0-dev.20260130.1':
    optional: true

  '@typescript/native-preview-darwin-x64@7.0.0-dev.20260130.1':
    optional: true

  '@typescript/native-preview-linux-arm64@7.0.0-dev.20260130.1':
    optional: true

  '@typescript/native-preview-linux-arm@7.0.0-dev.20260130.1':
    optional: true

  '@typescript/native-preview-linux-x64@7.0.0-dev.20260130.1':
    optional: true

  '@typescript/native-preview-win32-arm64@7.0.0-dev.20260130.1':
    optional: true

  '@typescript/native-preview-win32-x64@7.0.0-dev.20260130.1':
    optional: true

  '@typescript/native-preview@7.0.0-dev.20260130.1':
    optionalDependencies:
      '@typescript/native-preview-darwin-arm64': 7.0.0-dev.20260130.1
      '@typescript/native-preview-darwin-x64': 7.0.0-dev.20260130.1
      '@typescript/native-preview-linux-arm': 7.0.0-dev.20260130.1
      '@typescript/native-preview-linux-arm64': 7.0.0-dev.20260130.1
      '@typescript/native-preview-linux-x64': 7.0.0-dev.20260130.1
      '@typescript/native-preview-win32-arm64': 7.0.0-dev.20260130.1
      '@typescript/native-preview-win32-x64': 7.0.0-dev.20260130.1

  '@vercube/cli@0.0.42(typescript@5.9.3)':
    dependencies:
      '@vercube/devkit': 0.0.42(typescript@5.9.3)
      '@vercube/logger': 0.0.42
      citty: 0.2.0
      consola: 3.4.2
      giget: 3.1.1
      nypm: 0.6.4
      pathe: 2.0.3
      srvx: srvx-nightly@0.10.2-20260129-215241-716408f
      std-env: 3.10.0
      tinyexec: 1.0.2
    transitivePeerDependencies:
      - '@swc/core'
      - magicast
      - typescript

  '@vercube/core@0.0.42':
    dependencies:
      '@standard-schema/spec': 1.1.0
      '@vercube/di': 0.0.42
      '@vercube/logger': 0.0.42
      c12: 3.3.3
      defu: 6.1.4
      pathe: 2.0.3
      rou3: 0.7.12
      srvx: srvx-nightly@0.10.2-20260129-215241-716408f
    transitivePeerDependencies:
      - magicast

  '@vercube/devkit@0.0.42(typescript@5.9.3)':
    dependencies:
      '@oxc-project/runtime': 0.111.0
      '@vercube/core': 0.0.42
      c12: 3.3.3
      chokidar: 5.0.0
      consola: 3.4.2
      dotenv: 17.2.3
      hookable: 6.0.1
      oxc-parser: 0.111.0
      oxc-transform: 0.111.0
      pathe: 2.0.3
      rolldown: 1.0.0-rc.2
      unplugin-isolated-decl: 0.15.7(typescript@5.9.3)
    transitivePeerDependencies:
      - '@swc/core'
      - magicast
      - typescript

  '@vercube/di@0.0.42': {}

  '@vercube/logger@0.0.42':
    dependencies:
      '@vercube/di': 0.0.42

  acorn@8.15.0: {}

  bun-types@1.3.8:
    dependencies:
      '@types/node': 25.1.0

  c12@3.3.3:
    dependencies:
      chokidar: 5.0.0
      confbox: 0.2.2
      defu: 6.1.4
      dotenv: 17.2.3
      exsolve: 1.0.8
      giget: 2.0.0
      jiti: 2.6.1
      ohash: 2.0.11
      pathe: 2.0.3
      perfect-debounce: 2.1.0
      pkg-types: 2.3.0
      rc9: 2.1.2

  chokidar@5.0.0:
    dependencies:
      readdirp: 5.0.0

  citty@0.1.6:
    dependencies:
      consola: 3.4.2

  citty@0.2.0: {}

  confbox@0.2.2: {}

  consola@3.4.2: {}

  defu@6.1.4: {}

  destr@2.0.5: {}

  dotenv@17.2.3: {}

  exsolve@1.0.8: {}

  giget@2.0.0:
    dependencies:
      citty: 0.1.6
      consola: 3.4.2
      defu: 6.1.4
      node-fetch-native: 1.6.7
      nypm: 0.6.4
      pathe: 2.0.3

  giget@3.1.1: {}

  hookable@6.0.1: {}

  jiti@2.6.1: {}

  magic-string@0.30.21:
    dependencies:
      '@jridgewell/sourcemap-codec': 1.5.5

  node-fetch-native@1.6.7: {}

  nypm@0.6.4:
    dependencies:
      citty: 0.2.0
      pathe: 2.0.3
      tinyexec: 1.0.2

  obug@2.1.1: {}

  ohash@2.0.11: {}

  oxc-parser@0.111.0:
    dependencies:
      '@oxc-project/types': 0.111.0
    optionalDependencies:
      '@oxc-parser/binding-android-arm-eabi': 0.111.0
      '@oxc-parser/binding-android-arm64': 0.111.0
      '@oxc-parser/binding-darwin-arm64': 0.111.0
      '@oxc-parser/binding-darwin-x64': 0.111.0
      '@oxc-parser/binding-freebsd-x64': 0.111.0
      '@oxc-parser/binding-linux-arm-gnueabihf': 0.111.0
      '@oxc-parser/binding-linux-arm-musleabihf': 0.111.0
      '@oxc-parser/binding-linux-arm64-gnu': 0.111.0
      '@oxc-parser/binding-linux-arm64-musl': 0.111.0
      '@oxc-parser/binding-linux-ppc64-gnu': 0.111.0
      '@oxc-parser/binding-linux-riscv64-gnu': 0.111.0
      '@oxc-parser/binding-linux-riscv64-musl': 0.111.0
      '@oxc-parser/binding-linux-s390x-gnu': 0.111.0
      '@oxc-parser/binding-linux-x64-gnu': 0.111.0
      '@oxc-parser/binding-linux-x64-musl': 0.111.0
      '@oxc-parser/binding-openharmony-arm64': 0.111.0
      '@oxc-parser/binding-wasm32-wasi': 0.111.0
      '@oxc-parser/binding-win32-arm64-msvc': 0.111.0
      '@oxc-parser/binding-win32-ia32-msvc': 0.111.0
      '@oxc-parser/binding-win32-x64-msvc': 0.111.0

  oxc-transform@0.111.0:
    optionalDependencies:
      '@oxc-transform/binding-android-arm-eabi': 0.111.0
      '@oxc-transform/binding-android-arm64': 0.111.0
      '@oxc-transform/binding-darwin-arm64': 0.111.0
      '@oxc-transform/binding-darwin-x64': 0.111.0
      '@oxc-transform/binding-freebsd-x64': 0.111.0
      '@oxc-transform/binding-linux-arm-gnueabihf': 0.111.0
      '@oxc-transform/binding-linux-arm-musleabihf': 0.111.0
      '@oxc-transform/binding-linux-arm64-gnu': 0.111.0
      '@oxc-transform/binding-linux-arm64-musl': 0.111.0
      '@oxc-transform/binding-linux-ppc64-gnu': 0.111.0
      '@oxc-transform/binding-linux-riscv64-gnu': 0.111.0
      '@oxc-transform/binding-linux-riscv64-musl': 0.111.0
      '@oxc-transform/binding-linux-s390x-gnu': 0.111.0
      '@oxc-transform/binding-linux-x64-gnu': 0.111.0
      '@oxc-transform/binding-linux-x64-musl': 0.111.0
      '@oxc-transform/binding-openharmony-arm64': 0.111.0
      '@oxc-transform/binding-wasm32-wasi': 0.111.0
      '@oxc-transform/binding-win32-arm64-msvc': 0.111.0
      '@oxc-transform/binding-win32-ia32-msvc': 0.111.0
      '@oxc-transform/binding-win32-x64-msvc': 0.111.0

  oxfmt@0.27.0:
    dependencies:
      tinypool: 2.0.0
    optionalDependencies:
      '@oxfmt/darwin-arm64': 0.27.0
      '@oxfmt/darwin-x64': 0.27.0
      '@oxfmt/linux-arm64-gnu': 0.27.0
      '@oxfmt/linux-arm64-musl': 0.27.0
      '@oxfmt/linux-x64-gnu': 0.27.0
      '@oxfmt/linux-x64-musl': 0.27.0
      '@oxfmt/win32-arm64': 0.27.0
      '@oxfmt/win32-x64': 0.27.0

  oxlint@1.42.0:
    optionalDependencies:
      '@oxlint/darwin-arm64': 1.42.0
      '@oxlint/darwin-x64': 1.42.0
      '@oxlint/linux-arm64-gnu': 1.42.0
      '@oxlint/linux-arm64-musl': 1.42.0
      '@oxlint/linux-x64-gnu': 1.42.0
      '@oxlint/linux-x64-musl': 1.42.0
      '@oxlint/win32-arm64': 1.42.0
      '@oxlint/win32-x64': 1.42.0

  pathe@2.0.3: {}

  perfect-debounce@2.1.0: {}

  picomatch@4.0.3: {}

  pkg-types@2.3.0:
    dependencies:
      confbox: 0.2.2
      exsolve: 1.0.8
      pathe: 2.0.3

  rc9@2.1.2:
    dependencies:
      defu: 6.1.4
      destr: 2.0.5

  readdirp@5.0.0: {}

  rolldown@1.0.0-rc.2:
    dependencies:
      '@oxc-project/types': 0.111.0
      '@rolldown/pluginutils': 1.0.0-rc.2
    optionalDependencies:
      '@rolldown/binding-android-arm64': 1.0.0-rc.2
      '@rolldown/binding-darwin-arm64': 1.0.0-rc.2
      '@rolldown/binding-darwin-x64': 1.0.0-rc.2
      '@rolldown/binding-freebsd-x64': 1.0.0-rc.2
      '@rolldown/binding-linux-arm-gnueabihf': 1.0.0-rc.2
      '@rolldown/binding-linux-arm64-gnu': 1.0.0-rc.2
      '@rolldown/binding-linux-arm64-musl': 1.0.0-rc.2
      '@rolldown/binding-linux-x64-gnu': 1.0.0-rc.2
      '@rolldown/binding-linux-x64-musl': 1.0.0-rc.2
      '@rolldown/binding-openharmony-arm64': 1.0.0-rc.2
      '@rolldown/binding-wasm32-wasi': 1.0.0-rc.2
      '@rolldown/binding-win32-arm64-msvc': 1.0.0-rc.2
      '@rolldown/binding-win32-x64-msvc': 1.0.0-rc.2

  rou3@0.7.12: {}

  srvx-nightly@0.10.2-20260129-215241-716408f: {}

  std-env@3.10.0: {}

  tinyexec@1.0.2: {}

  tinypool@2.0.0: {}

  tslib@2.8.1: {}

  typescript@5.9.3: {}

  undici-types@7.16.0: {}

  unplugin-isolated-decl@0.15.7(typescript@5.9.3):
    dependencies:
      magic-string: 0.30.21
      obug: 2.1.1
      oxc-parser: 0.111.0
      oxc-transform: 0.111.0
      unplugin: 2.3.11
      unplugin-utils: 0.3.1
    optionalDependencies:
      typescript: 5.9.3

  unplugin-utils@0.3.1:
    dependencies:
      pathe: 2.0.3
      picomatch: 4.0.3

  unplugin@2.3.11:
    dependencies:
      '@jridgewell/remapping': 2.3.5
      acorn: 8.15.0
      picomatch: 4.0.3
      webpack-virtual-modules: 0.6.2

  webpack-virtual-modules@0.6.2: {}
